{
  "originHash" : "7c33fc0f5373345de09763cf811dcdb5f05c0fb3252568447607fad5042f9993",
  "pins" : [
    {
      "identity" : "indexstore-db",
      "kind" : "remoteSourceControl",
      "location" : "https://github.com/apple/indexstore-db.git",
      "state" : {
        "branch" : "main",
        "revision" : "b1354e1201314cb8cbbc00c9deb92a3ecd16a710"
      }
    },
    {
      "identity" : "quality-gate-types",
      "kind" : "remoteSourceControl",
      "location" : "https://github.com/jpurnell/quality-gate-types.git",
      "state" : {
        "revision" : "540239bd1b73953185ac28975c2754d746cfaf0e",
        "version" : "1.0.0"
      }
    },
    {
      "identity" : "swift-argument-parser",
      "kind" : "remoteSourceControl",
      "location" : "https://github.com/apple/swift-argument-parser.git",
      "state" : {
        "revision" : "c5d11a805e765f52ba34ec7284bd4fcd6ba68615",
        "version" : "1.7.0"
      }
    },
    {
      "identity" : "swift-docc-plugin",
      "kind" : "remoteSourceControl",
      "location" : "https://github.com/apple/swift-docc-plugin",
      "state" : {
        "revision" : "e977f65879f82b375a044c8837597f690c067da6",
        "version" : "1.4.6"
      }
    },
    {
      "identity" : "swift-docc-symbolkit",
      "kind" : "remoteSourceControl",
      "location" : "https://github.com/swiftlang/swift-docc-symbolkit",
      "state" : {
        "revision" : "b45d1f2ed151d057b54504d653e0da5552844e34",
        "version" : "1.0.0"
      }
    },
    {
      "identity" : "swift-lmdb",
      "kind" : "remoteSourceControl",
      "location" : "https://github.com/swiftlang/swift-lmdb.git",
      "state" : {
        "branch" : "main",
        "revision" : "a4bc87807721c1fd114bf35464457e2db0d0e6c0"
      }
    },
    {
      "identity" : "swift-syntax",
      "kind" : "remoteSourceControl",
      "location" : "https://github.com/swiftlang/swift-syntax.git",
      "state" : {
        "revision" : "0687f71944021d616d34d922343dcef086855920",
        "version" : "600.0.1"
      }
    },
    {
      "identity" : "yams",
      "kind" : "remoteSourceControl",
      "location" : "https://github.com/jpsim/Yams.git",
      "state" : {
        "revision" : "3d6871d5b4a5cd519adf233fbb576e0a2af71c17",
        "version" : "5.4.0"
      }
    }
  ],
  "version" : 3
}
